
Microsoft Visual Studio Solution File, Format Version 12.00
# Visual Studio Version 17
VisualStudioVersion = 17.11.35327.3
MinimumVisualStudioVersion = 10.0.40219.1
Project("{FAE04EC0-301F-11D3-BF4B-00C04F79EFBC}") = "Testing", "Testing.csproj", "{DDDB16B8-26DB-44A5-9BF2-47355263515D}"
EndProject
Global
	GlobalSection(SolutionConfigurationPlatforms) = preSolution
		Debug|Any CPU = Debug|Any CPU
		Release|Any CPU = Release|Any CPU
	EndGlobalSection
	GlobalSection(ProjectConfigurationPlatforms) = postSolution
		{DDDB16B8-26DB-44A5-9BF2-47355263515D}.Debug|Any CPU.ActiveCfg = Debug|Any CPU
		{DDDB16B8-26DB-44A5-9BF2-47355263515D}.Debug|Any CPU.Build.0 = Debug|Any CPU
		{DDDB16B8-26DB-44A5-9BF2-47355263515D}.Release|Any CPU.ActiveCfg = Release|Any CPU
		{DDDB16B8-26DB-44A5-9BF2-47355263515D}.Release|Any CPU.Build.0 = Release|Any CPU
	EndGlobalSection
	GlobalSection(SolutionProperties) = preSolution
		HideSolutionNode = FALSE
	EndGlobalSection
	GlobalSection(ExtensibilityGlobals) = postSolution
		SolutionGuid = {CF1D5AFF-BABF-43E6-9825-432CD8955D98}
	EndGlobalSection
EndGlobal
